
Microsoft Visual Studio Solution File, Format Version 12.00
# Visual Studio 2013
VisualStudioVersion = 12.0.40629.0
MinimumVisualStudioVersion = 10.0.40219.1
Project("{FAE04EC0-301F-11D3-BF4B-00C04F79EFBC}") = "ConsoleXslt", "ConsoleXslt\ConsoleXslt.csproj", "{FD508C13-1FFA-4067-87E1-AC9A0247BFD9}"
EndProject
Global
	GlobalSection(SolutionConfigurationPlatforms) = preSolution
		Debug|Any CPU = Debug|Any CPU
		Release|Any CPU = Release|Any CPU
	EndGlobalSection
	GlobalSection(ProjectConfigurationPlatforms) = postSolution
		{FD508C13-1FFA-4067-87E1-AC9A0247BFD9}.Debug|Any CPU.ActiveCfg = Debug|Any CPU
		{FD508C13-1FFA-4067-87E1-AC9A0247BFD9}.Debug|Any CPU.Build.0 = Debug|Any CPU
		{FD508C13-1FFA-4067-87E1-AC9A0247BFD9}.Release|Any CPU.ActiveCfg = Release|Any CPU
		{FD508C13-1FFA-4067-87E1-AC9A0247BFD9}.Release|Any CPU.Build.0 = Release|Any CPU
	EndGlobalSection
	GlobalSection(SolutionProperties) = preSolution
		HideSolutionNode = FALSE
	EndGlobalSection
EndGlobal
